
Microsoft Visual Studio Solution File, Format Version 12.00
# Visual Studio Version 17
VisualStudioVersion = 17.6.33815.320
MinimumVisualStudioVersion = 10.0.40219.1
Project("{FAE04EC0-301F-11D3-BF4B-00C04F79EFBC}") = "Project_PMDanhMayTuDong", "Project_PMDanhMayTuDong\Project_PMDanhMayTuDong.csproj", "{98F9FF98-A1AE-4163-AEB2-D385D4D73881}"
EndProject
Global
	GlobalSection(SolutionConfigurationPlatforms) = preSolution
		Debug|Any CPU = Debug|Any CPU
		Release|Any CPU = Release|Any CPU
	EndGlobalSection
	GlobalSection(ProjectConfigurationPlatforms) = postSolution
		{98F9FF98-A1AE-4163-AEB2-D385D4D73881}.Debug|Any CPU.ActiveCfg = Debug|Any CPU
		{98F9FF98-A1AE-4163-AEB2-D385D4D73881}.Debug|Any CPU.Build.0 = Debug|Any CPU
		{98F9FF98-A1AE-4163-AEB2-D385D4D73881}.Release|Any CPU.ActiveCfg = Release|Any CPU
		{98F9FF98-A1AE-4163-AEB2-D385D4D73881}.Release|Any CPU.Build.0 = Release|Any CPU
	EndGlobalSection
	GlobalSection(SolutionProperties) = preSolution
		HideSolutionNode = FALSE
	EndGlobalSection
	GlobalSection(ExtensibilityGlobals) = postSolution
		SolutionGuid = {10E9F68E-DA94-40E2-B89D-D4C1CEAF0C84}
	EndGlobalSection
EndGlobal
